PODS:
  - Flutter (1.0.0)
  - flutter_pedometer (0.0.1):
    - Flutter

DEPENDENCIES:
  - Flutter (from `Flutter`)
  - flutter_pedometer (from `.symlinks/plugins/flutter_pedometer/ios`)

EXTERNAL SOURCES:
  Flutter:
    :path: Flutter
  flutter_pedometer:
    :path: ".symlinks/plugins/flutter_pedometer/ios"

SPEC CHECKSUMS:
  Flutter: 50d75fe2f02b26cc09d224853bb45737f8b3214a
  flutter_pedometer: 02a2fa0b8a26177a3f804991d67e03968a5fc20e

PODFILE CHECKSUM: aafe91acc616949ddb318b77800a7f51bffa2a4c

COCOAPODS: 1.11.2
